<?xml version="1.0" encoding="utf-8"?>
<Project ToolsVersion="4.0" xmlns="http://schemas.microsoft.com/developer/msbuild/2003">
  <ItemGroup>
    <ClInclude Include="src\log.h" />
    <ClInclude Include="src\mutex.h" />
    <ClInclude Include="src\natives.h" />
    <ClInclude Include="src\resource.h" />
    <ClInclude Include="src\main.h" />
    <ClInclude Include="src\sql\sql_handler.h">
      <Filter>sql</Filter>
    </ClInclude>
    <ClInclude Include="src\mysql\mysql_handler.h">
      <Filter>mysql</Filter>
    </ClInclude>
    <ClInclude Include="src\mysql\mysql_query.h">
      <Filter>mysql</Filter>
    </ClInclude>
    <ClInclude Include="src\mysql\connector\config-win.h">
      <Filter>mysql\connector</Filter>
    </ClInclude>
    <ClInclude Include="src\mysql\connector\decimal.h">
      <Filter>mysql\connector</Filter>
    </ClInclude>
    <ClInclude Include="src\mysql\connector\errmsg.h">
      <Filter>mysql\connector</Filter>
    </ClInclude>
    <ClInclude Include="src\mysql\connector\hash.h">
      <Filter>mysql\connector</Filter>
    </ClInclude>
    <ClInclude Include="src\mysql\connector\keycache.h">
      <Filter>mysql\connector</Filter>
    </ClInclude>
    <ClInclude Include="src\mysql\connector\lf.h">
      <Filter>mysql\connector</Filter>
    </ClInclude>
    <ClInclude Include="src\mysql\connector\m_ctype.h">
      <Filter>mysql\connector</Filter>
    </ClInclude>
    <ClInclude Include="src\mysql\connector\m_string.h">
      <Filter>mysql\connector</Filter>
    </ClInclude>
    <ClInclude Include="src\mysql\connector\my_aes.h">
      <Filter>mysql\connector</Filter>
    </ClInclude>
    <ClInclude Include="src\mysql\connector\my_alarm.h">
      <Filter>mysql\connector</Filter>
    </ClInclude>
    <ClInclude Include="src\mysql\connector\my_alloc.h">
      <Filter>mysql\connector</Filter>
    </ClInclude>
    <ClInclude Include="src\mysql\connector\my_atomic.h">
      <Filter>mysql\connector</Filter>
    </ClInclude>
    <ClInclude Include="src\mysql\connector\my_attribute.h">
      <Filter>mysql\connector</Filter>
    </ClInclude>
    <ClInclude Include="src\mysql\connector\my_base.h">
      <Filter>mysql\connector</Filter>
    </ClInclude>
    <ClInclude Include="src\mysql\connector\my_bit.h">
      <Filter>mysql\connector</Filter>
    </ClInclude>
    <ClInclude Include="src\mysql\connector\my_bitmap.h">
      <Filter>mysql\connector</Filter>
    </ClInclude>
    <ClInclude Include="src\mysql\connector\my_charsets.h">
      <Filter>mysql\connector</Filter>
    </ClInclude>
    <ClInclude Include="src\mysql\connector\my_config.h">
      <Filter>mysql\connector</Filter>
    </ClInclude>
    <ClInclude Include="src\mysql\connector\my_dbug.h">
      <Filter>mysql\connector</Filter>
    </ClInclude>
    <ClInclude Include="src\mysql\connector\my_dir.h">
      <Filter>mysql\connector</Filter>
    </ClInclude>
    <ClInclude Include="src\mysql\connector\my_getopt.h">
      <Filter>mysql\connector</Filter>
    </ClInclude>
    <ClInclude Include="src\mysql\connector\my_global.h">
      <Filter>mysql\connector</Filter>
    </ClInclude>
    <ClInclude Include="src\mysql\connector\my_libwrap.h">
      <Filter>mysql\connector</Filter>
    </ClInclude>
    <ClInclude Include="src\mysql\connector\my_list.h">
      <Filter>mysql\connector</Filter>
    </ClInclude>
    <ClInclude Include="src\mysql\connector\my_md5.h">
      <Filter>mysql\connector</Filter>
    </ClInclude>
    <ClInclude Include="src\mysql\connector\my_net.h">
      <Filter>mysql\connector</Filter>
    </ClInclude>
    <ClInclude Include="src\mysql\connector\my_no_pthread.h">
      <Filter>mysql\connector</Filter>
    </ClInclude>
    <ClInclude Include="src\mysql\connector\my_nosys.h">
      <Filter>mysql\connector</Filter>
    </ClInclude>
    <ClInclude Include="src\mysql\connector\my_pthread.h">
      <Filter>mysql\connector</Filter>
    </ClInclude>
    <ClInclude Include="src\mysql\connector\my_stacktrace.h">
      <Filter>mysql\connector</Filter>
    </ClInclude>
    <ClInclude Include="src\mysql\connector\my_sys.h">
      <Filter>mysql\connector</Filter>
    </ClInclude>
    <ClInclude Include="src\mysql\connector\my_time.h">
      <Filter>mysql\connector</Filter>
    </ClInclude>
    <ClInclude Include="src\mysql\connector\my_tree.h">
      <Filter>mysql\connector</Filter>
    </ClInclude>
    <ClInclude Include="src\mysql\connector\my_trie.h">
      <Filter>mysql\connector</Filter>
    </ClInclude>
    <ClInclude Include="src\mysql\connector\my_uctype.h">
      <Filter>mysql\connector</Filter>
    </ClInclude>
    <ClInclude Include="src\mysql\connector\my_vle.h">
      <Filter>mysql\connector</Filter>
    </ClInclude>
    <ClInclude Include="src\mysql\connector\my_xml.h">
      <Filter>mysql\connector</Filter>
    </ClInclude>
    <ClInclude Include="src\mysql\connector\myisampack.h">
      <Filter>mysql\connector</Filter>
    </ClInclude>
    <ClInclude Include="src\mysql\connector\mysql.h">
      <Filter>mysql\connector</Filter>
    </ClInclude>
    <ClInclude Include="src\mysql\connector\mysql_com.h">
      <Filter>mysql\connector</Filter>
    </ClInclude>
    <ClInclude Include="src\mysql\connector\mysql_time.h">
      <Filter>mysql\connector</Filter>
    </ClInclude>
    <ClInclude Include="src\mysql\connector\mysql_version.h">
      <Filter>mysql\connector</Filter>
    </ClInclude>
    <ClInclude Include="src\mysql\connector\mysqld_error.h">
      <Filter>mysql\connector</Filter>
    </ClInclude>
    <ClInclude Include="src\mysql\connector\mysys_err.h">
      <Filter>mysql\connector</Filter>
    </ClInclude>
    <ClInclude Include="src\mysql\connector\queues.h">
      <Filter>mysql\connector</Filter>
    </ClInclude>
    <ClInclude Include="src\mysql\connector\service_versions.h">
      <Filter>mysql\connector</Filter>
    </ClInclude>
    <ClInclude Include="src\mysql\connector\sha1.h">
      <Filter>mysql\connector</Filter>
    </ClInclude>
    <ClInclude Include="src\mysql\connector\sha2.h">
      <Filter>mysql\connector</Filter>
    </ClInclude>
    <ClInclude Include="src\mysql\connector\sql_common.h">
      <Filter>mysql\connector</Filter>
    </ClInclude>
    <ClInclude Include="src\mysql\connector\sslopt-case.h">
      <Filter>mysql\connector</Filter>
    </ClInclude>
    <ClInclude Include="src\mysql\connector\sslopt-longopts.h">
      <Filter>mysql\connector</Filter>
    </ClInclude>
    <ClInclude Include="src\mysql\connector\sslopt-vars.h">
      <Filter>mysql\connector</Filter>
    </ClInclude>
    <ClInclude Include="src\mysql\connector\t_ctype.h">
      <Filter>mysql\connector</Filter>
    </ClInclude>
    <ClInclude Include="src\mysql\connector\thr_alarm.h">
      <Filter>mysql\connector</Filter>
    </ClInclude>
    <ClInclude Include="src\mysql\connector\thr_lock.h">
      <Filter>mysql\connector</Filter>
    </ClInclude>
    <ClInclude Include="src\mysql\connector\typelib.h">
      <Filter>mysql\connector</Filter>
    </ClInclude>
    <ClInclude Include="src\mysql\connector\violite.h">
      <Filter>mysql\connector</Filter>
    </ClInclude>
    <ClInclude Include="src\mysql\connector\waiting_threads.h">
      <Filter>mysql\connector</Filter>
    </ClInclude>
    <ClInclude Include="src\mysql\connector\wqueue.h">
      <Filter>mysql\connector</Filter>
    </ClInclude>
    <ClInclude Include="src\mysql\connector\base64.h">
      <Filter>mysql\connector</Filter>
    </ClInclude>
    <ClInclude Include="src\mysql\connector\atomic\gcc_builtins.h">
      <Filter>mysql\connector\atomic</Filter>
    </ClInclude>
    <ClInclude Include="src\mysql\connector\atomic\generic-msvc.h">
      <Filter>mysql\connector\atomic</Filter>
    </ClInclude>
    <ClInclude Include="src\mysql\connector\atomic\nolock.h">
      <Filter>mysql\connector\atomic</Filter>
    </ClInclude>
    <ClInclude Include="src\mysql\connector\atomic\rwlock.h">
      <Filter>mysql\connector\atomic</Filter>
    </ClInclude>
    <ClInclude Include="src\mysql\connector\atomic\x86-gcc.h">
      <Filter>mysql\connector\atomic</Filter>
    </ClInclude>
    <ClInclude Include="src\mysql\connector\mysys\rijndael.h">
      <Filter>mysql\connector\mysys</Filter>
    </ClInclude>
    <ClInclude Include="src\sql\sql_query.h">
      <Filter>sql</Filter>
    </ClInclude>
    <ClInclude Include="src\sql\sql_utils.h">
      <Filter>sql</Filter>
    </ClInclude>
    <ClInclude Include="src\sql\sql_result.h">
      <Filter>sql</Filter>
    </ClInclude>
    <ClInclude Include="src\mysql\mysql_result.h">
      <Filter>mysql</Filter>
    </ClInclude>
    <ClInclude Include="src\pgsql\pgsql_handler.h">
      <Filter>pgsql</Filter>
    </ClInclude>
    <ClInclude Include="src\pgsql\pgsql_query.h">
      <Filter>pgsql</Filter>
    </ClInclude>
    <ClInclude Include="src\pgsql\connector\postgres_ext.h">
      <Filter>pgsql\connector</Filter>
    </ClInclude>
    <ClInclude Include="src\pgsql\connector\libpq-fe.h">
      <Filter>pgsql\connector</Filter>
    </ClInclude>
    <ClInclude Include="src\pgsql\pgsql_result.h">
      <Filter>pgsql</Filter>
    </ClInclude>
    <ClInclude Include="src\mysql\mysql.h">
      <Filter>mysql</Filter>
    </ClInclude>
    <ClInclude Include="src\pgsql\pgsql.h">
      <Filter>pgsql</Filter>
    </ClInclude>
    <ClInclude Include="src\sdk\amx\amx.h">
      <Filter>sdk\amx</Filter>
    </ClInclude>
    <ClInclude Include="src\sdk\amx\sclinux.h">
      <Filter>sdk\amx</Filter>
    </ClInclude>
    <ClInclude Include="src\sdk\amxtable.h">
      <Filter>sdk</Filter>
    </ClInclude>
    <ClInclude Include="src\sdk\plugincommon.h">
      <Filter>sdk</Filter>
    </ClInclude>
    <ClInclude Include="src\sdk\amxredirect.h">
      <Filter>sdk</Filter>
    </ClInclude>
    <ClInclude Include="src\sdk\amxstring.h">
      <Filter>sdk</Filter>
    </ClInclude>
  </ItemGroup>
  <ItemGroup>
    <ClCompile Include="src\log.cpp" />
    <ClCompile Include="src\mutex.cpp" />
    <ClCompile Include="src\natives.cpp" />
    <ClCompile Include="src\main.cpp" />
    <ClCompile Include="src\sql\sql_handler.cpp">
      <Filter>sql</Filter>
    </ClCompile>
    <ClCompile Include="src\mysql\mysql_query.cpp">
      <Filter>mysql</Filter>
    </ClCompile>
    <ClCompile Include="src\mysql\mysql_handler.cpp">
      <Filter>mysql</Filter>
    </ClCompile>
    <ClCompile Include="src\sql\sql_query.cpp">
      <Filter>sql</Filter>
    </ClCompile>
    <ClCompile Include="src\sql\sql_utils.cpp">
      <Filter>sql</Filter>
    </ClCompile>
    <ClCompile Include="src\sql\sql_result.cpp">
      <Filter>sql</Filter>
    </ClCompile>
    <ClCompile Include="src\mysql\mysql_result.cpp">
      <Filter>mysql</Filter>
    </ClCompile>
    <ClCompile Include="src\pgsql\pgsql_handler.cpp">
      <Filter>pgsql</Filter>
    </ClCompile>
    <ClCompile Include="src\pgsql\pgsql_query.cpp">
      <Filter>pgsql</Filter>
    </ClCompile>
    <ClCompile Include="src\pgsql\pgsql_result.cpp">
      <Filter>pgsql</Filter>
    </ClCompile>
    <ClCompile Include="src\sdk\amxplugin.cpp">
      <Filter>sdk</Filter>
    </ClCompile>
    <ClCompile Include="src\sdk\amxredirect.cpp">
      <Filter>sdk</Filter>
    </ClCompile>
    <ClCompile Include="src\sdk\amxstring.cpp">
      <Filter>sdk</Filter>
    </ClCompile>
  </ItemGroup>
  <ItemGroup>
    <ResourceCompile Include="src\plugin.rc" />
  </ItemGroup>
  <ItemGroup>
    <Filter Include="sdk">
      <UniqueIdentifier>{2d1ea69c-9e9d-41b3-9cd0-750a9bd25d39}</UniqueIdentifier>
    </Filter>
    <Filter Include="sql">
      <UniqueIdentifier>{54335f95-a0e5-412e-956f-f90b3c4bcf2e}</UniqueIdentifier>
    </Filter>
    <Filter Include="mysql">
      <UniqueIdentifier>{f39040f5-0bb4-4987-a16e-2589ea07a0ac}</UniqueIdentifier>
    </Filter>
    <Filter Include="mysql\connector">
      <UniqueIdentifier>{c1e94627-372e-4300-a33e-49ff6844f836}</UniqueIdentifier>
    </Filter>
    <Filter Include="mysql\connector\atomic">
      <UniqueIdentifier>{6a610b19-82f8-4dfb-ae2f-f768ff90952d}</UniqueIdentifier>
    </Filter>
    <Filter Include="mysql\connector\mysys">
      <UniqueIdentifier>{0a84604b-2bd4-49ce-b298-37c03b9ac22b}</UniqueIdentifier>
    </Filter>
    <Filter Include="pgsql">
      <UniqueIdentifier>{4c9d3761-1701-4248-a7cc-6789bcabc48b}</UniqueIdentifier>
    </Filter>
    <Filter Include="pgsql\connector">
      <UniqueIdentifier>{078fcd33-4708-46fb-a59e-459241596783}</UniqueIdentifier>
    </Filter>
    <Filter Include="sdk\amx">
      <UniqueIdentifier>{f5eb5886-8692-4f6a-889e-eda082d981aa}</UniqueIdentifier>
    </Filter>
  </ItemGroup>
  <ItemGroup>
    <None Include="src\plugin.def" />
  </ItemGroup>
</Project>