<?xml version="1.0" encoding="utf-8"?>
<Project ToolsVersion="4.0" xmlns="http://schemas.microsoft.com/developer/msbuild/2003">
  <ItemGroup>
    <ClInclude Include="src\log.h" />
    <ClInclude Include="src\mutex.h" />
    <ClInclude Include="src\natives.h" />
    <ClInclude Include="src\resource.h" />
    <ClInclude Include="src\main.h" />
    <ClInclude Include="src\sql\SQL_Pools.h">
      <Filter>sql</Filter>
    </ClInclude>
    <ClInclude Include="src\sql\SQL_ResultSet.h">
      <Filter>sql</Filter>
    </ClInclude>
    <ClInclude Include="src\sql\SQL_Statement.h">
      <Filter>sql</Filter>
    </ClInclude>
    <ClInclude Include="src\sql\SQL_Connection.h">
      <Filter>sql</Filter>
    </ClInclude>
    <ClInclude Include="src\sql\mysql\MySQL_ResultSet.h">
      <Filter>sql\mysql</Filter>
    </ClInclude>
    <ClInclude Include="src\sql\mysql\MySQL_Statement.h">
      <Filter>sql\mysql</Filter>
    </ClInclude>
    <ClInclude Include="src\sql\mysql\mysql.h">
      <Filter>sql\mysql</Filter>
    </ClInclude>
    <ClInclude Include="src\sql\mysql\MySQL_Connection.h">
      <Filter>sql\mysql</Filter>
    </ClInclude>
    <ClInclude Include="src\sql\sql.h">
      <Filter>sql</Filter>
    </ClInclude>
    <ClInclude Include="src\sql\pgsql\PgSQL_Connection.h">
      <Filter>sql\pgsql</Filter>
    </ClInclude>
    <ClInclude Include="src\sql\pgsql\PgSQL_ResultSet.h">
      <Filter>sql\pgsql</Filter>
    </ClInclude>
    <ClInclude Include="src\sql\pgsql\PgSQL_Statement.h">
      <Filter>sql\pgsql</Filter>
    </ClInclude>
    <ClInclude Include="src\sql\pgsql\pgsql.h">
      <Filter>sql\pgsql</Filter>
    </ClInclude>
    <ClInclude Include="src\sdk\plugincommon.h">
      <Filter>sdk</Filter>
    </ClInclude>
    <ClInclude Include="src\sdk\amx\amx_ex.h">
      <Filter>sdk\amx</Filter>
    </ClInclude>
    <ClInclude Include="src\sdk\amx\sclinux.h">
      <Filter>sdk\amx</Filter>
    </ClInclude>
    <ClInclude Include="src\sdk\amx\amx.h">
      <Filter>sdk\amx</Filter>
    </ClInclude>
  </ItemGroup>
  <ItemGroup>
    <ClCompile Include="src\log.cpp" />
    <ClCompile Include="src\mutex.cpp" />
    <ClCompile Include="src\natives.cpp" />
    <ClCompile Include="src\main.cpp" />
    <ClCompile Include="src\sql\SQL_ResultSet.cpp">
      <Filter>sql</Filter>
    </ClCompile>
    <ClCompile Include="src\sql\SQL_Statement.cpp">
      <Filter>sql</Filter>
    </ClCompile>
    <ClCompile Include="src\sql\SQL_Connection.cpp">
      <Filter>sql</Filter>
    </ClCompile>
    <ClCompile Include="src\sql\SQL_Pools.cpp">
      <Filter>sql</Filter>
    </ClCompile>
    <ClCompile Include="src\sql\mysql\MySQL_ResultSet.cpp">
      <Filter>sql\mysql</Filter>
    </ClCompile>
    <ClCompile Include="src\sql\mysql\MySQL_Statement.cpp">
      <Filter>sql\mysql</Filter>
    </ClCompile>
    <ClCompile Include="src\sql\mysql\MySQL_Connection.cpp">
      <Filter>sql\mysql</Filter>
    </ClCompile>
    <ClCompile Include="src\sql\pgsql\PgSQL_ResultSet.cpp">
      <Filter>sql\pgsql</Filter>
    </ClCompile>
    <ClCompile Include="src\sql\pgsql\PgSQL_Statement.cpp">
      <Filter>sql\pgsql</Filter>
    </ClCompile>
    <ClCompile Include="src\sql\pgsql\PgSQL_Connection.cpp">
      <Filter>sql\pgsql</Filter>
    </ClCompile>
    <ClCompile Include="src\sdk\amxplugin.cpp">
      <Filter>sdk</Filter>
    </ClCompile>
    <ClCompile Include="src\sdk\amx\amx_ex.cpp">
      <Filter>sdk\amx</Filter>
    </ClCompile>
  </ItemGroup>
  <ItemGroup>
    <ResourceCompile Include="src\plugin.rc" />
  </ItemGroup>
  <ItemGroup>
    <Filter Include="sdk">
      <UniqueIdentifier>{2d1ea69c-9e9d-41b3-9cd0-750a9bd25d39}</UniqueIdentifier>
    </Filter>
    <Filter Include="sdk\amx">
      <UniqueIdentifier>{f5eb5886-8692-4f6a-889e-eda082d981aa}</UniqueIdentifier>
    </Filter>
    <Filter Include="sql">
      <UniqueIdentifier>{1ff00801-f127-4c0a-abae-9d86c54c562c}</UniqueIdentifier>
    </Filter>
    <Filter Include="sql\mysql">
      <UniqueIdentifier>{c91bda83-5f7a-4155-ac1a-093107a1e8c1}</UniqueIdentifier>
    </Filter>
    <Filter Include="sql\pgsql">
      <UniqueIdentifier>{22b685a6-2c2e-425a-b60a-45c23f0075fd}</UniqueIdentifier>
    </Filter>
  </ItemGroup>
  <ItemGroup>
    <None Include="src\plugin.def" />
  </ItemGroup>
</Project>