
Microsoft Visual Studio Solution File, Format Version 12.00
# Visual Studio 2012
Project("{8BC9CEB8-8B4A-11D0-8D11-00A0C91BC942}") = "samp-plugin-sql", "samp-plugin-sql.vcxproj", "{465A3531-9C93-4B23-B904-82F23F189AF1}"
EndProject
Global
	GlobalSection(SolutionConfigurationPlatforms) = preSolution
		Release - MySQL|Win32 = Release - MySQL|Win32
		Release - PostgreSQL|Win32 = Release - PostgreSQL|Win32
		Release|Win32 = Release|Win32
	EndGlobalSection
	GlobalSection(ProjectConfigurationPlatforms) = postSolution
		{465A3531-9C93-4B23-B904-82F23F189AF1}.Release - MySQL|Win32.ActiveCfg = Release - MySQL only|Win32
		{465A3531-9C93-4B23-B904-82F23F189AF1}.Release - MySQL|Win32.Build.0 = Release - MySQL only|Win32
		{465A3531-9C93-4B23-B904-82F23F189AF1}.Release - PostgreSQL|Win32.ActiveCfg = Release - PostgreSQL only|Win32
		{465A3531-9C93-4B23-B904-82F23F189AF1}.Release - PostgreSQL|Win32.Build.0 = Release - PostgreSQL only|Win32
		{465A3531-9C93-4B23-B904-82F23F189AF1}.Release|Win32.ActiveCfg = Release|Win32
		{465A3531-9C93-4B23-B904-82F23F189AF1}.Release|Win32.Build.0 = Release|Win32
	EndGlobalSection
	GlobalSection(SolutionProperties) = preSolution
		HideSolutionNode = FALSE
	EndGlobalSection
EndGlobal
